
Microsoft Visual Studio Solution File, Format Version 12.00
# Visual Studio 2013
VisualStudioVersion = 12.0.40629.0
MinimumVisualStudioVersion = 10.0.40219.1
Project("{F184B08F-C81C-45F6-A57F-5ABD9991F28F}") = "Impersonation", "Impersonation\Impersonation.vbproj", "{88CD19E4-EE64-450A-9BC3-188439F64CCB}"
EndProject
Project("{2150E333-8FDC-42A3-9474-1A3956D46DE8}") = "Solution Items", "Solution Items", "{99A31CC9-3939-4C9C-ACF9-9AD6C57A2288}"
	ProjectSection(SolutionItems) = preProject
		Readme.md = Readme.md
	EndProjectSection
EndProject
Global
	GlobalSection(SolutionConfigurationPlatforms) = preSolution
		Debug|Any CPU = Debug|Any CPU
		Release|Any CPU = Release|Any CPU
	EndGlobalSection
	GlobalSection(ProjectConfigurationPlatforms) = postSolution
		{88CD19E4-EE64-450A-9BC3-188439F64CCB}.Debug|Any CPU.ActiveCfg = Debug|Any CPU
		{88CD19E4-EE64-450A-9BC3-188439F64CCB}.Debug|Any CPU.Build.0 = Debug|Any CPU
		{88CD19E4-EE64-450A-9BC3-188439F64CCB}.Release|Any CPU.ActiveCfg = Release|Any CPU
		{88CD19E4-EE64-450A-9BC3-188439F64CCB}.Release|Any CPU.Build.0 = Release|Any CPU
	EndGlobalSection
	GlobalSection(SolutionProperties) = preSolution
		HideSolutionNode = FALSE
	EndGlobalSection
EndGlobal
